
Microsoft Visual Studio Solution File, Format Version 12.00
# Visual Studio Version 16
VisualStudioVersion = 16.0.32929.386
MinimumVisualStudioVersion = 10.0.40219.1
Project("{FAE04EC0-301F-11D3-BF4B-00C04F79EFBC}") = "Регистрация пользователя", "Регистрация пользователя\Регистрация пользователя.csproj", "{E9770264-DC74-4953-8249-C0BC6C06C3FA}"
EndProject
Global
	GlobalSection(SolutionConfigurationPlatforms) = preSolution
		Debug|Any CPU = Debug|Any CPU
		Release|Any CPU = Release|Any CPU
	EndGlobalSection
	GlobalSection(ProjectConfigurationPlatforms) = postSolution
		{E9770264-DC74-4953-8249-C0BC6C06C3FA}.Debug|Any CPU.ActiveCfg = Debug|Any CPU
		{E9770264-DC74-4953-8249-C0BC6C06C3FA}.Debug|Any CPU.Build.0 = Debug|Any CPU
		{E9770264-DC74-4953-8249-C0BC6C06C3FA}.Release|Any CPU.ActiveCfg = Release|Any CPU
		{E9770264-DC74-4953-8249-C0BC6C06C3FA}.Release|Any CPU.Build.0 = Release|Any CPU
	EndGlobalSection
	GlobalSection(SolutionProperties) = preSolution
		HideSolutionNode = FALSE
	EndGlobalSection
	GlobalSection(ExtensibilityGlobals) = postSolution
		SolutionGuid = {ADC949A1-0A3F-4A8F-9933-8878725D09D3}
	EndGlobalSection
EndGlobal
